// !$*UTF8*$!
{
	archiveVersion = 1;
	classes = {
	};
	objectVersion = 56;
	objects = {

/* Begin PBXBuildFile section */
		5C1E11F52C38A98F00EA6EC4 /* PhotoPickerBootcamp.swift in Sources */ = {isa = PBXBuildFile; fileRef = 5C1E11F42C38A98F00EA6EC4 /* PhotoPickerBootcamp.swift */; };
		5C1E11F72C38B7B800EA6EC4 /* AsyncStreamBootcamp.swift in Sources */ = {isa = PBXBuildFile; fileRef = 5C1E11F62C38B7B800EA6EC4 /* AsyncStreamBootcamp.swift */; };
		5C1E11F92C38CAE700EA6EC4 /* ObservableBootcamp.swift in Sources */ = {isa = PBXBuildFile; fileRef = 5C1E11F82C38CAE700EA6EC4 /* ObservableBootcamp.swift */; };
		5C8ACBEB2C3F118900DF16BA /* FetchAPI.swift in Sources */ = {isa = PBXBuildFile; fileRef = 5C8ACBEA2C3F118900DF16BA /* FetchAPI.swift */; };
		5CA419612C45B97E00C3E213 /* ProfileView.swift in Sources */ = {isa = PBXBuildFile; fileRef = 5CA419602C45B97E00C3E213 /* ProfileView.swift */; };
		5CC0B2252C3F01D700B4DE5D /* LikeButtonView.swift in Sources */ = {isa = PBXBuildFile; fileRef = 5CC0B2242C3F01D700B4DE5D /* LikeButtonView.swift */; };
		5CD7E8982C320E8E000409C1 /* ActorsBootcampApp.swift in Sources */ = {isa = PBXBuildFile; fileRef = 5CD7E8972C320E8E000409C1 /* ActorsBootcampApp.swift */; };
		5CD7E89A2C320E8E000409C1 /* ContentView.swift in Sources */ = {isa = PBXBuildFile; fileRef = 5CD7E8992C320E8E000409C1 /* ContentView.swift */; };
		5CD7E89C2C320E8F000409C1 /* Assets.xcassets in Resources */ = {isa = PBXBuildFile; fileRef = 5CD7E89B2C320E8F000409C1 /* Assets.xcassets */; };
		5CD7E89F2C320E8F000409C1 /* Preview Assets.xcassets in Resources */ = {isa = PBXBuildFile; fileRef = 5CD7E89E2C320E8F000409C1 /* Preview Assets.xcassets */; };
		5CD7E8A62C320EE0000409C1 /* ActorsBootcamp.swift in Sources */ = {isa = PBXBuildFile; fileRef = 5CD7E8A52C320EE0000409C1 /* ActorsBootcamp.swift */; };
		5CD7E8A82C3222FE000409C1 /* GlobalActorBootcamp.swift in Sources */ = {isa = PBXBuildFile; fileRef = 5CD7E8A72C3222FE000409C1 /* GlobalActorBootcamp.swift */; };
		5CF119032C33460B008C0877 /* SendableBootcamp.swift in Sources */ = {isa = PBXBuildFile; fileRef = 5CF119022C33460B008C0877 /* SendableBootcamp.swift */; };
		5CF119052C33609F008C0877 /* AsyncPublisherBootcamp.swift in Sources */ = {isa = PBXBuildFile; fileRef = 5CF119042C33609F008C0877 /* AsyncPublisherBootcamp.swift */; };
		5CF119072C3480EA008C0877 /* StrongSelfBootcamp.swift in Sources */ = {isa = PBXBuildFile; fileRef = 5CF119062C3480EA008C0877 /* StrongSelfBootcamp.swift */; };
		5CF119092C348ED8008C0877 /* MVVMBootcamp.metal in Sources */ = {isa = PBXBuildFile; fileRef = 5CF119082C348ED8008C0877 /* MVVMBootcamp.metal */; };
		5CF1190B2C348EE1008C0877 /* MVVMBootcamp.swift in Sources */ = {isa = PBXBuildFile; fileRef = 5CF1190A2C348EE1008C0877 /* MVVMBootcamp.swift */; };
		5CF1190D2C349958008C0877 /* RefreshableBootcamp.swift in Sources */ = {isa = PBXBuildFile; fileRef = 5CF1190C2C349958008C0877 /* RefreshableBootcamp.swift */; };
		5CF1190F2C3527DA008C0877 /* SearchableBootcamp.swift in Sources */ = {isa = PBXBuildFile; fileRef = 5CF1190E2C3527DA008C0877 /* SearchableBootcamp.swift */; };
/* End PBXBuildFile section */

/* Begin PBXFileReference section */
		5C1E11F42C38A98F00EA6EC4 /* PhotoPickerBootcamp.swift */ = {isa = PBXFileReference; lastKnownFileType = sourcecode.swift; path = PhotoPickerBootcamp.swift; sourceTree = "<group>"; };
		5C1E11F62C38B7B800EA6EC4 /* AsyncStreamBootcamp.swift */ = {isa = PBXFileReference; lastKnownFileType = sourcecode.swift; path = AsyncStreamBootcamp.swift; sourceTree = "<group>"; };
		5C1E11F82C38CAE700EA6EC4 /* ObservableBootcamp.swift */ = {isa = PBXFileReference; lastKnownFileType = sourcecode.swift; path = ObservableBootcamp.swift; sourceTree = "<group>"; };
		5C8ACBEA2C3F118900DF16BA /* FetchAPI.swift */ = {isa = PBXFileReference; lastKnownFileType = sourcecode.swift; path = FetchAPI.swift; sourceTree = "<group>"; };
		5CA419602C45B97E00C3E213 /* ProfileView.swift */ = {isa = PBXFileReference; lastKnownFileType = sourcecode.swift; path = ProfileView.swift; sourceTree = "<group>"; };
		5CC0B2242C3F01D700B4DE5D /* LikeButtonView.swift */ = {isa = PBXFileReference; lastKnownFileType = sourcecode.swift; path = LikeButtonView.swift; sourceTree = "<group>"; };
		5CD7E8942C320E8E000409C1 /* ActorsBootcamp.app */ = {isa = PBXFileReference; explicitFileType = wrapper.application; includeInIndex = 0; path = ActorsBootcamp.app; sourceTree = BUILT_PRODUCTS_DIR; };
		5CD7E8972C320E8E000409C1 /* ActorsBootcampApp.swift */ = {isa = PBXFileReference; lastKnownFileType = sourcecode.swift; path = ActorsBootcampApp.swift; sourceTree = "<group>"; };
		5CD7E8992C320E8E000409C1 /* ContentView.swift */ = {isa = PBXFileReference; lastKnownFileType = sourcecode.swift; path = ContentView.swift; sourceTree = "<group>"; };
		5CD7E89B2C320E8F000409C1 /* Assets.xcassets */ = {isa = PBXFileReference; lastKnownFileType = folder.assetcatalog; path = Assets.xcassets; sourceTree = "<group>"; };
		5CD7E89E2C320E8F000409C1 /* Preview Assets.xcassets */ = {isa = PBXFileReference; lastKnownFileType = folder.assetcatalog; path = "Preview Assets.xcassets"; sourceTree = "<group>"; };
		5CD7E8A52C320EE0000409C1 /* ActorsBootcamp.swift */ = {isa = PBXFileReference; lastKnownFileType = sourcecode.swift; path = ActorsBootcamp.swift; sourceTree = "<group>"; };
		5CD7E8A72C3222FE000409C1 /* GlobalActorBootcamp.swift */ = {isa = PBXFileReference; lastKnownFileType = sourcecode.swift; path = GlobalActorBootcamp.swift; sourceTree = "<group>"; };
		5CF119022C33460B008C0877 /* SendableBootcamp.swift */ = {isa = PBXFileReference; lastKnownFileType = sourcecode.swift; path = SendableBootcamp.swift; sourceTree = "<group>"; };
		5CF119042C33609F008C0877 /* AsyncPublisherBootcamp.swift */ = {isa = PBXFileReference; lastKnownFileType = sourcecode.swift; path = AsyncPublisherBootcamp.swift; sourceTree = "<group>"; };
		5CF119062C3480EA008C0877 /* StrongSelfBootcamp.swift */ = {isa = PBXFileReference; lastKnownFileType = sourcecode.swift; path = StrongSelfBootcamp.swift; sourceTree = "<group>"; };
		5CF119082C348ED8008C0877 /* MVVMBootcamp.metal */ = {isa = PBXFileReference; lastKnownFileType = sourcecode.metal; path = MVVMBootcamp.metal; sourceTree = "<group>"; };
		5CF1190A2C348EE1008C0877 /* MVVMBootcamp.swift */ = {isa = PBXFileReference; lastKnownFileType = sourcecode.swift; path = MVVMBootcamp.swift; sourceTree = "<group>"; };
		5CF1190C2C349958008C0877 /* RefreshableBootcamp.swift */ = {isa = PBXFileReference; lastKnownFileType = sourcecode.swift; path = RefreshableBootcamp.swift; sourceTree = "<group>"; };
		5CF1190E2C3527DA008C0877 /* SearchableBootcamp.swift */ = {isa = PBXFileReference; lastKnownFileType = sourcecode.swift; path = SearchableBootcamp.swift; sourceTree = "<group>"; };
/* End PBXFileReference section */

/* Begin PBXFrameworksBuildPhase section */
		5CD7E8912C320E8E000409C1 /* Frameworks */ = {
			isa = PBXFrameworksBuildPhase;
			buildActionMask = 2147483647;
			files = (
			);
			runOnlyForDeploymentPostprocessing = 0;
		};
/* End PBXFrameworksBuildPhase section */

/* Begin PBXGroup section */
		5CD7E88B2C320E8E000409C1 = {
			isa = PBXGroup;
			children = (
				5C8ACBEA2C3F118900DF16BA /* FetchAPI.swift */,
				5CC0B2242C3F01D700B4DE5D /* LikeButtonView.swift */,
				5CA419602C45B97E00C3E213 /* ProfileView.swift */,
				5C1E11F42C38A98F00EA6EC4 /* PhotoPickerBootcamp.swift */,
				5C1E11F62C38B7B800EA6EC4 /* AsyncStreamBootcamp.swift */,
				5C1E11F82C38CAE700EA6EC4 /* ObservableBootcamp.swift */,
				5CF1190E2C3527DA008C0877 /* SearchableBootcamp.swift */,
				5CF119062C3480EA008C0877 /* StrongSelfBootcamp.swift */,
				5CF1190A2C348EE1008C0877 /* MVVMBootcamp.swift */,
				5CF1190C2C349958008C0877 /* RefreshableBootcamp.swift */,
				5CF119082C348ED8008C0877 /* MVVMBootcamp.metal */,
				5CF119042C33609F008C0877 /* AsyncPublisherBootcamp.swift */,
				5CD7E8962C320E8E000409C1 /* ActorsBootcamp */,
				5CD7E8952C320E8E000409C1 /* Products */,
			);
			sourceTree = "<group>";
		};
		5CD7E8952C320E8E000409C1 /* Products */ = {
			isa = PBXGroup;
			children = (
				5CD7E8942C320E8E000409C1 /* ActorsBootcamp.app */,
			);
			name = Products;
			sourceTree = "<group>";
		};
		5CD7E8962C320E8E000409C1 /* ActorsBootcamp */ = {
			isa = PBXGroup;
			children = (
				5CD7E8A72C3222FE000409C1 /* GlobalActorBootcamp.swift */,
				5CD7E8972C320E8E000409C1 /* ActorsBootcampApp.swift */,
				5CD7E8992C320E8E000409C1 /* ContentView.swift */,
				5CD7E89B2C320E8F000409C1 /* Assets.xcassets */,
				5CD7E89D2C320E8F000409C1 /* Preview Content */,
				5CD7E8A52C320EE0000409C1 /* ActorsBootcamp.swift */,
				5CF119022C33460B008C0877 /* SendableBootcamp.swift */,
			);
			path = ActorsBootcamp;
			sourceTree = "<group>";
		};
		5CD7E89D2C320E8F000409C1 /* Preview Content */ = {
			isa = PBXGroup;
			children = (
				5CD7E89E2C320E8F000409C1 /* Preview Assets.xcassets */,
			);
			path = "Preview Content";
			sourceTree = "<group>";
		};
/* End PBXGroup section */

/* Begin PBXNativeTarget section */
		5CD7E8932C320E8E000409C1 /* ActorsBootcamp */ = {
			isa = PBXNativeTarget;
			buildConfigurationList = 5CD7E8A22C320E8F000409C1 /* Build configuration list for PBXNativeTarget "ActorsBootcamp" */;
			buildPhases = (
				5CD7E8902C320E8E000409C1 /* Sources */,
				5CD7E8912C320E8E000409C1 /* Frameworks */,
				5CD7E8922C320E8E000409C1 /* Resources */,
			);
			buildRules = (
			);
			dependencies = (
			);
			name = ActorsBootcamp;
			productName = ActorsBootcamp;
			productReference = 5CD7E8942C320E8E000409C1 /* ActorsBootcamp.app */;
			productType = "com.apple.product-type.application";
		};
/* End PBXNativeTarget section */

/* Begin PBXProject section */
		5CD7E88C2C320E8E000409C1 /* Project object */ = {
			isa = PBXProject;
			attributes = {
				BuildIndependentTargetsInParallel = 1;
				LastSwiftUpdateCheck = 1530;
				LastUpgradeCheck = 1530;
				TargetAttributes = {
					5CD7E8932C320E8E000409C1 = {
						CreatedOnToolsVersion = 15.3;
					};
				};
			};
			buildConfigurationList = 5CD7E88F2C320E8E000409C1 /* Build configuration list for PBXProject "ActorsBootcamp" */;
			compatibilityVersion = "Xcode 14.0";
			developmentRegion = en;
			hasScannedForEncodings = 0;
			knownRegions = (
				en,
				Base,
			);
			mainGroup = 5CD7E88B2C320E8E000409C1;
			productRefGroup = 5CD7E8952C320E8E000409C1 /* Products */;
			projectDirPath = "";
			projectRoot = "";
			targets = (
				5CD7E8932C320E8E000409C1 /* ActorsBootcamp */,
			);
		};
/* End PBXProject section */

/* Begin PBXResourcesBuildPhase section */
		5CD7E8922C320E8E000409C1 /* Resources */ = {
			isa = PBXResourcesBuildPhase;
			buildActionMask = 2147483647;
			files = (
				5CD7E89F2C320E8F000409C1 /* Preview Assets.xcassets in Resources */,
				5CD7E89C2C320E8F000409C1 /* Assets.xcassets in Resources */,
			);
			runOnlyForDeploymentPostprocessing = 0;
		};
/* End PBXResourcesBuildPhase section */

/* Begin PBXSourcesBuildPhase section */
		5CD7E8902C320E8E000409C1 /* Sources */ = {
			isa = PBXSourcesBuildPhase;
			buildActionMask = 2147483647;
			files = (
				5CD7E89A2C320E8E000409C1 /* ContentView.swift in Sources */,
				5CD7E8982C320E8E000409C1 /* ActorsBootcampApp.swift in Sources */,
				5CD7E8A62C320EE0000409C1 /* ActorsBootcamp.swift in Sources */,
				5C1E11F92C38CAE700EA6EC4 /* ObservableBootcamp.swift in Sources */,
				5CF119072C3480EA008C0877 /* StrongSelfBootcamp.swift in Sources */,
				5CF1190B2C348EE1008C0877 /* MVVMBootcamp.swift in Sources */,
				5CD7E8A82C3222FE000409C1 /* GlobalActorBootcamp.swift in Sources */,
				5CF1190F2C3527DA008C0877 /* SearchableBootcamp.swift in Sources */,
				5CF119052C33609F008C0877 /* AsyncPublisherBootcamp.swift in Sources */,
				5CA419612C45B97E00C3E213 /* ProfileView.swift in Sources */,
				5CF119092C348ED8008C0877 /* MVVMBootcamp.metal in Sources */,
				5C1E11F52C38A98F00EA6EC4 /* PhotoPickerBootcamp.swift in Sources */,
				5C1E11F72C38B7B800EA6EC4 /* AsyncStreamBootcamp.swift in Sources */,
				5CC0B2252C3F01D700B4DE5D /* LikeButtonView.swift in Sources */,
				5C8ACBEB2C3F118900DF16BA /* FetchAPI.swift in Sources */,
				5CF1190D2C349958008C0877 /* RefreshableBootcamp.swift in Sources */,
				5CF119032C33460B008C0877 /* SendableBootcamp.swift in Sources */,
			);
			runOnlyForDeploymentPostprocessing = 0;
		};
/* End PBXSourcesBuildPhase section */

/* Begin XCBuildConfiguration section */
		5CD7E8A02C320E8F000409C1 /* Debug */ = {
			isa = XCBuildConfiguration;
			buildSettings = {
				ALWAYS_SEARCH_USER_PATHS = NO;
				ASSETCATALOG_COMPILER_GENERATE_SWIFT_ASSET_SYMBOL_EXTENSIONS = YES;
				CLANG_ANALYZER_NONNULL = YES;
				CLANG_ANALYZER_NUMBER_OBJECT_CONVERSION = YES_AGGRESSIVE;
				CLANG_CXX_LANGUAGE_STANDARD = "gnu++20";
				CLANG_ENABLE_MODULES = YES;
				CLANG_ENABLE_OBJC_ARC = YES;
				CLANG_ENABLE_OBJC_WEAK = YES;
				CLANG_WARN_BLOCK_CAPTURE_AUTORELEASING = YES;
				CLANG_WARN_BOOL_CONVERSION = YES;
				CLANG_WARN_COMMA = YES;
				CLANG_WARN_CONSTANT_CONVERSION = YES;
				CLANG_WARN_DEPRECATED_OBJC_IMPLEMENTATIONS = YES;
				CLANG_WARN_DIRECT_OBJC_ISA_USAGE = YES_ERROR;
				CLANG_WARN_DOCUMENTATION_COMMENTS = YES;
				CLANG_WARN_EMPTY_BODY = YES;
				CLANG_WARN_ENUM_CONVERSION = YES;
				CLANG_WARN_INFINITE_RECURSION = YES;
				CLANG_WARN_INT_CONVERSION = YES;
				CLANG_WARN_NON_LITERAL_NULL_CONVERSION = YES;
				CLANG_WARN_OBJC_IMPLICIT_RETAIN_SELF = YES;
				CLANG_WARN_OBJC_LITERAL_CONVERSION = YES;
				CLANG_WARN_OBJC_ROOT_CLASS = YES_ERROR;
				CLANG_WARN_QUOTED_INCLUDE_IN_FRAMEWORK_HEADER = YES;
				CLANG_WARN_RANGE_LOOP_ANALYSIS = YES;
				CLANG_WARN_STRICT_PROTOTYPES = YES;
				CLANG_WARN_SUSPICIOUS_MOVE = YES;
				CLANG_WARN_UNGUARDED_AVAILABILITY = YES_AGGRESSIVE;
				CLANG_WARN_UNREACHABLE_CODE = YES;
				CLANG_WARN__DUPLICATE_METHOD_MATCH = YES;
				COPY_PHASE_STRIP = NO;
				DEBUG_INFORMATION_FORMAT = dwarf;
				ENABLE_STRICT_OBJC_MSGSEND = YES;
				ENABLE_TESTABILITY = YES;
				ENABLE_USER_SCRIPT_SANDBOXING = YES;
				GCC_C_LANGUAGE_STANDARD = gnu17;
				GCC_DYNAMIC_NO_PIC = NO;
				GCC_NO_COMMON_BLOCKS = YES;
				GCC_OPTIMIZATION_LEVEL = 0;
				GCC_PREPROCESSOR_DEFINITIONS = (
					"DEBUG=1",
					"$(inherited)",
				);
				GCC_WARN_64_TO_32_BIT_CONVERSION = YES;
				GCC_WARN_ABOUT_RETURN_TYPE = YES_ERROR;
				GCC_WARN_UNDECLARED_SELECTOR = YES;
				GCC_WARN_UNINITIALIZED_AUTOS = YES_AGGRESSIVE;
				GCC_WARN_UNUSED_FUNCTION = YES;
				GCC_WARN_UNUSED_VARIABLE = YES;
				IPHONEOS_DEPLOYMENT_TARGET = 17.4;
				LOCALIZATION_PREFERS_STRING_CATALOGS = YES;
				MTL_ENABLE_DEBUG_INFO = INCLUDE_SOURCE;
				MTL_FAST_MATH = YES;
				ONLY_ACTIVE_ARCH = YES;
				SDKROOT = iphoneos;
				SWIFT_ACTIVE_COMPILATION_CONDITIONS = "DEBUG $(inherited)";
				SWIFT_OPTIMIZATION_LEVEL = "-Onone";
			};
			name = Debug;
		};
		5CD7E8A12C320E8F000409C1 /* Release */ = {
			isa = XCBuildConfiguration;
			buildSettings = {
				ALWAYS_SEARCH_USER_PATHS = NO;
				ASSETCATALOG_COMPILER_GENERATE_SWIFT_ASSET_SYMBOL_EXTENSIONS = YES;
				CLANG_ANALYZER_NONNULL = YES;
				CLANG_ANALYZER_NUMBER_OBJECT_CONVERSION = YES_AGGRESSIVE;
				CLANG_CXX_LANGUAGE_STANDARD = "gnu++20";
				CLANG_ENABLE_MODULES = YES;
				CLANG_ENABLE_OBJC_ARC = YES;
				CLANG_ENABLE_OBJC_WEAK = YES;
				CLANG_WARN_BLOCK_CAPTURE_AUTORELEASING = YES;
				CLANG_WARN_BOOL_CONVERSION = YES;
				CLANG_WARN_COMMA = YES;
				CLANG_WARN_CONSTANT_CONVERSION = YES;
				CLANG_WARN_DEPRECATED_OBJC_IMPLEMENTATIONS = YES;
				CLANG_WARN_DIRECT_OBJC_ISA_USAGE = YES_ERROR;
				CLANG_WARN_DOCUMENTATION_COMMENTS = YES;
				CLANG_WARN_EMPTY_BODY = YES;
				CLANG_WARN_ENUM_CONVERSION = YES;
				CLANG_WARN_INFINITE_RECURSION = YES;
				CLANG_WARN_INT_CONVERSION = YES;
				CLANG_WARN_NON_LITERAL_NULL_CONVERSION = YES;
				CLANG_WARN_OBJC_IMPLICIT_RETAIN_SELF = YES;
				CLANG_WARN_OBJC_LITERAL_CONVERSION = YES;
				CLANG_WARN_OBJC_ROOT_CLASS = YES_ERROR;
				CLANG_WARN_QUOTED_INCLUDE_IN_FRAMEWORK_HEADER = YES;
				CLANG_WARN_RANGE_LOOP_ANALYSIS = YES;
				CLANG_WARN_STRICT_PROTOTYPES = YES;
				CLANG_WARN_SUSPICIOUS_MOVE = YES;
				CLANG_WARN_UNGUARDED_AVAILABILITY = YES_AGGRESSIVE;
				CLANG_WARN_UNREACHABLE_CODE = YES;
				CLANG_WARN__DUPLICATE_METHOD_MATCH = YES;
				COPY_PHASE_STRIP = NO;
				DEBUG_INFORMATION_FORMAT = "dwarf-with-dsym";
				ENABLE_NS_ASSERTIONS = NO;
				ENABLE_STRICT_OBJC_MSGSEND = YES;
				ENABLE_USER_SCRIPT_SANDBOXING = YES;
				GCC_C_LANGUAGE_STANDARD = gnu17;
				GCC_NO_COMMON_BLOCKS = YES;
				GCC_WARN_64_TO_32_BIT_CONVERSION = YES;
				GCC_WARN_ABOUT_RETURN_TYPE = YES_ERROR;
				GCC_WARN_UNDECLARED_SELECTOR = YES;
				GCC_WARN_UNINITIALIZED_AUTOS = YES_AGGRESSIVE;
				GCC_WARN_UNUSED_FUNCTION = YES;
				GCC_WARN_UNUSED_VARIABLE = YES;
				IPHONEOS_DEPLOYMENT_TARGET = 17.4;
				LOCALIZATION_PREFERS_STRING_CATALOGS = YES;
				MTL_ENABLE_DEBUG_INFO = NO;
				MTL_FAST_MATH = YES;
				SDKROOT = iphoneos;
				SWIFT_COMPILATION_MODE = wholemodule;
				VALIDATE_PRODUCT = YES;
			};
			name = Release;
		};
		5CD7E8A32C320E8F000409C1 /* Debug */ = {
			isa = XCBuildConfiguration;
			buildSettings = {
				ASSETCATALOG_COMPILER_APPICON_NAME = AppIcon;
				ASSETCATALOG_COMPILER_GLOBAL_ACCENT_COLOR_NAME = AccentColor;
				CODE_SIGN_STYLE = Automatic;
				CURRENT_PROJECT_VERSION = 1;
				DEVELOPMENT_ASSET_PATHS = "\"ActorsBootcamp/Preview Content\"";
				DEVELOPMENT_TEAM = 9NHVUWY5RP;
				ENABLE_PREVIEWS = YES;
				GENERATE_INFOPLIST_FILE = YES;
				INFOPLIST_KEY_UIApplicationSceneManifest_Generation = YES;
				INFOPLIST_KEY_UIApplicationSupportsIndirectInputEvents = YES;
				INFOPLIST_KEY_UILaunchScreen_Generation = YES;
				INFOPLIST_KEY_UISupportedInterfaceOrientations_iPad = "UIInterfaceOrientationPortrait UIInterfaceOrientationPortraitUpsideDown UIInterfaceOrientationLandscapeLeft UIInterfaceOrientationLandscapeRight";
				INFOPLIST_KEY_UISupportedInterfaceOrientations_iPhone = "UIInterfaceOrientationPortrait UIInterfaceOrientationLandscapeLeft UIInterfaceOrientationLandscapeRight";
				LD_RUNPATH_SEARCH_PATHS = (
					"$(inherited)",
					"@executable_path/Frameworks",
				);
				MARKETING_VERSION = 1.0;
				PRODUCT_BUNDLE_IDENTIFIER = com.bozhong.ActorsBootcamp;
				PRODUCT_NAME = "$(TARGET_NAME)";
				SWIFT_EMIT_LOC_STRINGS = YES;
				SWIFT_VERSION = 5.0;
				TARGETED_DEVICE_FAMILY = "1,2";
			};
			name = Debug;
		};
		5CD7E8A42C320E8F000409C1 /* Release */ = {
			isa = XCBuildConfiguration;
			buildSettings = {
				ASSETCATALOG_COMPILER_APPICON_NAME = AppIcon;
				ASSETCATALOG_COMPILER_GLOBAL_ACCENT_COLOR_NAME = AccentColor;
				CODE_SIGN_STYLE = Automatic;
				CURRENT_PROJECT_VERSION = 1;
				DEVELOPMENT_ASSET_PATHS = "\"ActorsBootcamp/Preview Content\"";
				DEVELOPMENT_TEAM = 9NHVUWY5RP;
				ENABLE_PREVIEWS = YES;
				GENERATE_INFOPLIST_FILE = YES;
				INFOPLIST_KEY_UIApplicationSceneManifest_Generation = YES;
				INFOPLIST_KEY_UIApplicationSupportsIndirectInputEvents = YES;
				INFOPLIST_KEY_UILaunchScreen_Generation = YES;
				INFOPLIST_KEY_UISupportedInterfaceOrientations_iPad = "UIInterfaceOrientationPortrait UIInterfaceOrientationPortraitUpsideDown UIInterfaceOrientationLandscapeLeft UIInterfaceOrientationLandscapeRight";
				INFOPLIST_KEY_UISupportedInterfaceOrientations_iPhone = "UIInterfaceOrientationPortrait UIInterfaceOrientationLandscapeLeft UIInterfaceOrientationLandscapeRight";
				LD_RUNPATH_SEARCH_PATHS = (
					"$(inherited)",
					"@executable_path/Frameworks",
				);
				MARKETING_VERSION = 1.0;
				PRODUCT_BUNDLE_IDENTIFIER = com.bozhong.ActorsBootcamp;
				PRODUCT_NAME = "$(TARGET_NAME)";
				SWIFT_EMIT_LOC_STRINGS = YES;
				SWIFT_VERSION = 5.0;
				TARGETED_DEVICE_FAMILY = "1,2";
			};
			name = Release;
		};
/* End XCBuildConfiguration section */

/* Begin XCConfigurationList section */
		5CD7E88F2C320E8E000409C1 /* Build configuration list for PBXProject "ActorsBootcamp" */ = {
			isa = XCConfigurationList;
			buildConfigurations = (
				5CD7E8A02C320E8F000409C1 /* Debug */,
				5CD7E8A12C320E8F000409C1 /* Release */,
			);
			defaultConfigurationIsVisible = 0;
			defaultConfigurationName = Release;
		};
		5CD7E8A22C320E8F000409C1 /* Build configuration list for PBXNativeTarget "ActorsBootcamp" */ = {
			isa = XCConfigurationList;
			buildConfigurations = (
				5CD7E8A32C320E8F000409C1 /* Debug */,
				5CD7E8A42C320E8F000409C1 /* Release */,
			);
			defaultConfigurationIsVisible = 0;
			defaultConfigurationName = Release;
		};
/* End XCConfigurationList section */
	};
	rootObject = 5CD7E88C2C320E8E000409C1 /* Project object */;
}
